
Microsoft Visual Studio Solution File, Format Version 12.00
# Visual Studio Version 17
VisualStudioVersion = 17.6.33829.357
MinimumVisualStudioVersion = 10.0.40219.1
Project("{9A19103F-16F7-4668-BE54-9A1E7A4F7556}") = "TakeCare", "TakeCare\TakeCare.csproj", "{80B92184-692D-4D76-9394-53750522CF25}"
	ProjectSection(ProjectDependencies) = postProject
		{087C44F9-4A7E-4BEA-821E-D76185016B07} = {087C44F9-4A7E-4BEA-821E-D76185016B07}
	EndProjectSection
EndProject
Project("{FAE04EC0-301F-11D3-BF4B-00C04F79EFBC}") = "TakeCare.Application", "TakeCare.Application\TakeCare.Application.csproj", "{087C44F9-4A7E-4BEA-821E-D76185016B07}"
EndProject
Project("{FAE04EC0-301F-11D3-BF4B-00C04F79EFBC}") = "TakeCare.Database", "ClassLibrary1\TakeCare.Database.csproj", "{58A407FD-4E7E-4D4A-8B84-B1B33684F818}"
EndProject
Global
	GlobalSection(SolutionConfigurationPlatforms) = preSolution
		Debug|Any CPU = Debug|Any CPU
		Release|Any CPU = Release|Any CPU
	EndGlobalSection
	GlobalSection(ProjectConfigurationPlatforms) = postSolution
		{80B92184-692D-4D76-9394-53750522CF25}.Debug|Any CPU.ActiveCfg = Debug|Any CPU
		{80B92184-692D-4D76-9394-53750522CF25}.Debug|Any CPU.Build.0 = Debug|Any CPU
		{80B92184-692D-4D76-9394-53750522CF25}.Release|Any CPU.ActiveCfg = Release|Any CPU
		{80B92184-692D-4D76-9394-53750522CF25}.Release|Any CPU.Build.0 = Release|Any CPU
		{087C44F9-4A7E-4BEA-821E-D76185016B07}.Debug|Any CPU.ActiveCfg = Debug|Any CPU
		{087C44F9-4A7E-4BEA-821E-D76185016B07}.Debug|Any CPU.Build.0 = Debug|Any CPU
		{087C44F9-4A7E-4BEA-821E-D76185016B07}.Release|Any CPU.ActiveCfg = Release|Any CPU
		{087C44F9-4A7E-4BEA-821E-D76185016B07}.Release|Any CPU.Build.0 = Release|Any CPU
		{58A407FD-4E7E-4D4A-8B84-B1B33684F818}.Debug|Any CPU.ActiveCfg = Debug|Any CPU
		{58A407FD-4E7E-4D4A-8B84-B1B33684F818}.Debug|Any CPU.Build.0 = Debug|Any CPU
		{58A407FD-4E7E-4D4A-8B84-B1B33684F818}.Release|Any CPU.ActiveCfg = Release|Any CPU
		{58A407FD-4E7E-4D4A-8B84-B1B33684F818}.Release|Any CPU.Build.0 = Release|Any CPU
	EndGlobalSection
	GlobalSection(SolutionProperties) = preSolution
		HideSolutionNode = FALSE
	EndGlobalSection
	GlobalSection(ExtensibilityGlobals) = postSolution
		SolutionGuid = {E4999291-B978-4292-85F9-C8B7163DE94D}
	EndGlobalSection
EndGlobal
